<?xml version="1.0" encoding="utf-8"?>
<Project ToolsVersion="4.0" xmlns="http://schemas.microsoft.com/developer/msbuild/2003">
  <ItemGroup>
    <ClInclude Include="Platform\SDL\SDLApplication.hpp">
      <Filter>Platform\SDL</Filter>
    </ClInclude>
    <ClInclude Include="Platform\SDL\SDLInput.hpp">
      <Filter>Platform\SDL</Filter>
    </ClInclude>
    <ClInclude Include="Core\Application.hpp">
      <Filter>Core</Filter>
    </ClInclude>
    <ClInclude Include="Core\Game.hpp">
      <Filter>Core</Filter>
    </ClInclude>
    <ClInclude Include="Core\Input.hpp">
      <Filter>Core</Filter>
    </ClInclude>
    <ClInclude Include="Rendering\RenderDevice.hpp">
      <Filter>Rendering</Filter>
    </ClInclude>
    <ClInclude Include="Rendering\Mesh.hpp">
      <Filter>Rendering</Filter>
    </ClInclude>
    <ClInclude Include="Rendering\Texture.hpp">
      <Filter>Rendering</Filter>
    </ClInclude>
    <ClInclude Include="Platform\OpenGL\OpenGLRenderDevice.hpp">
      <Filter>Platform\OpenGL</Filter>
    </ClInclude>
    <ClInclude Include="Platform\OpenGL\OpenGLMesh.hpp">
      <Filter>Platform\OpenGL</Filter>
    </ClInclude>
    <ClInclude Include="Platform\OpenGL\OpenGLTexture.hpp">
      <Filter>Platform\OpenGL</Filter>
    </ClInclude>
    <ClInclude Include="Core\Scene.hpp">
      <Filter>Core</Filter>
    </ClInclude>
    <ClInclude Include="Platform\OpenGL\OpenGLShader.hpp">
      <Filter>Platform\OpenGL</Filter>
    </ClInclude>
    <ClInclude Include="Rendering\Material.hpp">
      <Filter>Rendering</Filter>
    </ClInclude>
    <ClInclude Include="EngineComponents\Transformation.hpp">
      <Filter>EngineComponents</Filter>
    </ClInclude>
    <ClInclude Include="EngineComponents\RenderableMesh.hpp">
      <Filter>EngineComponents</Filter>
    </ClInclude>
    <ClInclude Include="EngineComponents\Projection.hpp">
      <Filter>EngineComponents</Filter>
    </ClInclude>
    <ClInclude Include="Core\Camera.hpp">
      <Filter>Core</Filter>
    </ClInclude>
    <ClInclude Include="Rendering\Shader.hpp">
      <Filter>Rendering</Filter>
    </ClInclude>
    <ClInclude Include="Rendering\FrameBuffer.hpp">
      <Filter>Rendering</Filter>
    </ClInclude>
    <ClInclude Include="Platform\OpenGL\OpenGLFrameBuffer.hpp">
      <Filter>Platform\OpenGL</Filter>
    </ClInclude>
    <ClInclude Include="Core\System.hpp">
      <Filter>Core</Filter>
    </ClInclude>
    <ClInclude Include="EngineSystems\DeferredRendererSystem.hpp">
      <Filter>EngineSystems</Filter>
    </ClInclude>
    <ClInclude Include="EngineComponents\LightComponent.hpp">
      <Filter>EngineComponents</Filter>
    </ClInclude>
    <ClInclude Include="EngineSystems\KeyboardMovementSystem.hpp">
      <Filter>EngineSystems</Filter>
    </ClInclude>
    <ClInclude Include="EngineComponents\KeyboardMovementComponent.hpp">
      <Filter>EngineComponents</Filter>
    </ClInclude>
    <ClInclude Include="EngineComponents\MouseLookComponent.hpp">
      <Filter>EngineComponents</Filter>
    </ClInclude>
    <ClInclude Include="EngineSystems\MouseLookSystem.hpp">
      <Filter>EngineSystems</Filter>
    </ClInclude>
    <ClInclude Include="EngineComponents\RotaterComponent.hpp">
      <Filter>EngineComponents</Filter>
    </ClInclude>
    <ClInclude Include="EngineSystems\RotaterSystem.hpp">
      <Filter>EngineSystems</Filter>
    </ClInclude>
    <ClInclude Include="EngineSystems\SkyboxRendererSystem.hpp">
      <Filter>EngineSystems</Filter>
    </ClInclude>
    <ClInclude Include="EngineComponents\SkyboxComponent.hpp">
      <Filter>EngineComponents</Filter>
    </ClInclude>
    <ClInclude Include="EngineComponents\MovementComponent.hpp">
      <Filter>EngineComponents</Filter>
    </ClInclude>
    <ClInclude Include="EngineSystems\MovementSystem.hpp">
      <Filter>EngineSystems</Filter>
    </ClInclude>
    <ClInclude Include="EngineComponents\FollowerComponent.hpp">
      <Filter>EngineComponents</Filter>
    </ClInclude>
    <ClInclude Include="EngineSystems\FollowerSystem.hpp">
      <Filter>EngineSystems</Filter>
    </ClInclude>
    <ClInclude Include="EngineComponents\WaterComponent.hpp">
      <Filter>EngineComponents</Filter>
    </ClInclude>
    <ClInclude Include="EngineSystems\WaterRendererSystem.hpp">
      <Filter>EngineSystems</Filter>
    </ClInclude>
    <ClInclude Include="EngineSystems\WaterUpdaterSystem.hpp">
      <Filter>EngineSystems</Filter>
    </ClInclude>
    <ClInclude Include="EngineSystems\BloomRendererSystem.hpp">
      <Filter>EngineSystems</Filter>
    </ClInclude>
    <ClInclude Include="EngineComponents\AnimationComponent.hpp">
      <Filter>EngineComponents</Filter>
    </ClInclude>
    <ClInclude Include="EngineSystems\AnimationSystem.hpp">
      <Filter>EngineSystems</Filter>
    </ClInclude>
    <ClInclude Include="Rendering\RenderContext2D.hpp">
      <Filter>Rendering</Filter>
    </ClInclude>
    <ClInclude Include="Audio\AudioDevice.hpp">
      <Filter>Audio</Filter>
    </ClInclude>
    <ClInclude Include="Audio\Sound.hpp">
      <Filter>Audio</Filter>
    </ClInclude>
    <ClInclude Include="Platform\SDL\SDLAudio.hpp">
      <Filter>Platform\SDL</Filter>
    </ClInclude>
    <ClInclude Include="EngineSystems\AudioUpdaterSystem.hpp">
      <Filter>EngineSystems</Filter>
    </ClInclude>
    <ClInclude Include="EngineComponents\AudioSourceComponent.hpp">
      <Filter>EngineComponents</Filter>
    </ClInclude>
    <ClInclude Include="Audio\AudioSource.hpp">
      <Filter>Audio</Filter>
    </ClInclude>
    <ClInclude Include="Physics\OctTree.hpp">
      <Filter>Physics</Filter>
    </ClInclude>
    <ClInclude Include="Physics\SpatialTree.hpp">
      <Filter>Physics</Filter>
    </ClInclude>
    <ClInclude Include="Physics\AABB.hpp">
      <Filter>Physics</Filter>
    </ClInclude>
    <ClInclude Include="Rendering\Common.hpp">
      <Filter>Rendering</Filter>
    </ClInclude>
    <ClInclude Include="Platform\OpenGL\OpenGLCommon.hpp">
      <Filter>Platform\OpenGL</Filter>
    </ClInclude>
    <ClInclude Include="EngineSystems\SelectEntitySystem.hpp">
      <Filter>EngineSystems</Filter>
    </ClInclude>
    <ClInclude Include="EngineComponents\ClickableComponent.hpp">
      <Filter>EngineComponents</Filter>
    </ClInclude>
    <ClInclude Include="Json\Lexer.hpp">
      <Filter>Json</Filter>
    </ClInclude>
    <ClInclude Include="Json\Parser.hpp">
      <Filter>Json</Filter>
    </ClInclude>
    <ClInclude Include="Json\Node.hpp">
      <Filter>Json</Filter>
    </ClInclude>
    <ClInclude Include="Json\Array.hpp">
      <Filter>Json</Filter>
    </ClInclude>
    <ClInclude Include="Json\Object.hpp">
      <Filter>Json</Filter>
    </ClInclude>
    <ClInclude Include="Json\Value.hpp">
      <Filter>Json</Filter>
    </ClInclude>
    <ClInclude Include="Json\Json.hpp">
      <Filter>Json</Filter>
    </ClInclude>
    <ClInclude Include="Rendering\UserInterface\UIContext.hpp">
      <Filter>Rendering\UserInterface</Filter>
    </ClInclude>
    <ClInclude Include="Rendering\UserInterface\DefaultStyle.hpp">
      <Filter>Rendering\UserInterface</Filter>
    </ClInclude>
  </ItemGroup>
  <ItemGroup>
    <Filter Include="Platform">
      <UniqueIdentifier>{7c9df99f-fb38-4106-a787-f424357bbeb8}</UniqueIdentifier>
    </Filter>
    <Filter Include="Platform\SDL">
      <UniqueIdentifier>{f55e68df-2ad2-48ca-9613-6126a8963313}</UniqueIdentifier>
    </Filter>
    <Filter Include="Core">
      <UniqueIdentifier>{88023e69-e711-4fa7-98ef-4850a7265893}</UniqueIdentifier>
    </Filter>
    <Filter Include="Platform\OpenGL">
      <UniqueIdentifier>{1d7d1610-738f-43ee-b8c4-e74daf67d40d}</UniqueIdentifier>
    </Filter>
    <Filter Include="Rendering">
      <UniqueIdentifier>{be6cfaac-5c69-429a-912f-d706642710a2}</UniqueIdentifier>
    </Filter>
    <Filter Include="EngineComponents">
      <UniqueIdentifier>{843ef7e0-afdd-476f-856e-1d494f724299}</UniqueIdentifier>
    </Filter>
    <Filter Include="EngineSystems">
      <UniqueIdentifier>{11e697e4-82e2-4f92-a167-e934f50749e6}</UniqueIdentifier>
    </Filter>
    <Filter Include="Audio">
      <UniqueIdentifier>{14791eb4-45bd-43dd-aaa6-e3eb06c25994}</UniqueIdentifier>
    </Filter>
    <Filter Include="Rendering\UserInterface">
      <UniqueIdentifier>{b2eb5f47-dab1-416a-9c3f-974bf0dfcef3}</UniqueIdentifier>
    </Filter>
    <Filter Include="Physics">
      <UniqueIdentifier>{51acf176-d495-4f38-86da-0c1e403fe6db}</UniqueIdentifier>
    </Filter>
    <Filter Include="Json">
      <UniqueIdentifier>{3f6aa495-7b37-4e8a-9e06-b9a9fbf2fe7b}</UniqueIdentifier>
    </Filter>
  </ItemGroup>
  <ItemGroup>
    <ClCompile Include="Platform\SDL\SDLApplication.cpp">
      <Filter>Platform\SDL</Filter>
    </ClCompile>
    <ClCompile Include="Platform\OpenGL\OpenGLTexture.cpp">
      <Filter>Platform\OpenGL</Filter>
    </ClCompile>
    <ClCompile Include="Platform\OpenGL\OpenGLMesh.cpp">
      <Filter>Platform\OpenGL</Filter>
    </ClCompile>
    <ClCompile Include="Core\Scene.cpp">
      <Filter>Core</Filter>
    </ClCompile>
    <ClCompile Include="Platform\OpenGL\OpenGLRenderDevice.cpp">
      <Filter>Platform\OpenGL</Filter>
    </ClCompile>
    <ClCompile Include="Platform\OpenGL\OpenGLShader.cpp">
      <Filter>Platform\OpenGL</Filter>
    </ClCompile>
    <ClCompile Include="Rendering\Material.cpp">
      <Filter>Rendering</Filter>
    </ClCompile>
    <ClCompile Include="Platform\OpenGL\OpenGLFrameBuffer.cpp">
      <Filter>Platform\OpenGL</Filter>
    </ClCompile>
    <ClCompile Include="Rendering\Shader.cpp">
      <Filter>Rendering</Filter>
    </ClCompile>
    <ClCompile Include="Rendering\RenderContext2D.cpp">
      <Filter>Rendering</Filter>
    </ClCompile>
    <ClCompile Include="Platform\SDL\SDLAudio.cpp">
      <Filter>Platform\SDL</Filter>
    </ClCompile>
    <ClCompile Include="Platform\OpenGL\OpenGLCommon.cpp">
      <Filter>Platform\OpenGL</Filter>
    </ClCompile>
    <ClCompile Include="EngineComponents\RenderableMesh.cpp">
      <Filter>EngineComponents</Filter>
    </ClCompile>
    <ClCompile Include="EngineComponents\ClickableComponent.cpp">
      <Filter>EngineComponents</Filter>
    </ClCompile>
    <ClCompile Include="Json\Lexer.cpp">
      <Filter>Json</Filter>
    </ClCompile>
    <ClCompile Include="Json\Parser.cpp">
      <Filter>Json</Filter>
    </ClCompile>
    <ClCompile Include="Json\Array.cpp">
      <Filter>Json</Filter>
    </ClCompile>
    <ClCompile Include="Json\Object.cpp">
      <Filter>Json</Filter>
    </ClCompile>
    <ClCompile Include="Json\Json.cpp">
      <Filter>Json</Filter>
    </ClCompile>
    <ClCompile Include="Rendering\UserInterface\DefaultStyle.cpp">
      <Filter>Rendering\UserInterface</Filter>
    </ClCompile>
    <ClCompile Include="Rendering\UserInterface\UIContext.cpp">
      <Filter>Rendering\UserInterface</Filter>
    </ClCompile>
    <ClCompile Include="Core\Game.cpp">
      <Filter>Core</Filter>
    </ClCompile>
  </ItemGroup>
</Project>